
Microsoft Visual Studio Solution File, Format Version 12.00
# Visual Studio 14
VisualStudioVersion = 14.0.25420.1
MinimumVisualStudioVersion = 10.0.40219.1
Project("{2150E333-8FDC-42A3-9474-1A3956D46DE8}") = "src", "src", "{659E9224-0D6F-4FC8-ABBF-8B0D5CF3CD06}"
EndProject
Project("{2150E333-8FDC-42A3-9474-1A3956D46DE8}") = "Solution Items", "Solution Items", "{E13D5EF7-867E-454C-A471-7899B4F5643A}"
	ProjectSection(SolutionItems) = preProject
		global.json = global.json
	EndProjectSection
EndProject
Project("{8BB2217D-0F2D-49D1-97BC-3654ED321F3B}") = "PropertyReservation", "src\PropertyReservation\PropertyReservation.xproj", "{05126F88-09BD-4B28-9D86-C7C40EB57E39}"
EndProject
Global
	GlobalSection(SolutionConfigurationPlatforms) = preSolution
		Debug|Any CPU = Debug|Any CPU
		Release|Any CPU = Release|Any CPU
	EndGlobalSection
	GlobalSection(ProjectConfigurationPlatforms) = postSolution
		{05126F88-09BD-4B28-9D86-C7C40EB57E39}.Debug|Any CPU.ActiveCfg = Debug|Any CPU
		{05126F88-09BD-4B28-9D86-C7C40EB57E39}.Debug|Any CPU.Build.0 = Debug|Any CPU
		{05126F88-09BD-4B28-9D86-C7C40EB57E39}.Release|Any CPU.ActiveCfg = Release|Any CPU
		{05126F88-09BD-4B28-9D86-C7C40EB57E39}.Release|Any CPU.Build.0 = Release|Any CPU
	EndGlobalSection
	GlobalSection(SolutionProperties) = preSolution
		HideSolutionNode = FALSE
	EndGlobalSection
	GlobalSection(NestedProjects) = preSolution
		{05126F88-09BD-4B28-9D86-C7C40EB57E39} = {659E9224-0D6F-4FC8-ABBF-8B0D5CF3CD06}
	EndGlobalSection
EndGlobal
